
Microsoft Visual Studio Solution File, Format Version 12.00
# Visual Studio Version 17
VisualStudioVersion = 17.4.33403.182
MinimumVisualStudioVersion = 10.0.40219.1
Project("{FAE04EC0-301F-11D3-BF4B-00C04F79EFBC}") = "Tarea 3", "Tarea 3\Tarea 3.csproj", "{E8161828-B3D9-40D5-8F7A-2E1CE6549F7E}"
EndProject
Global
	GlobalSection(SolutionConfigurationPlatforms) = preSolution
		Debug|Any CPU = Debug|Any CPU
		Release|Any CPU = Release|Any CPU
	EndGlobalSection
	GlobalSection(ProjectConfigurationPlatforms) = postSolution
		{E8161828-B3D9-40D5-8F7A-2E1CE6549F7E}.Debug|Any CPU.ActiveCfg = Debug|Any CPU
		{E8161828-B3D9-40D5-8F7A-2E1CE6549F7E}.Debug|Any CPU.Build.0 = Debug|Any CPU
		{E8161828-B3D9-40D5-8F7A-2E1CE6549F7E}.Release|Any CPU.ActiveCfg = Release|Any CPU
		{E8161828-B3D9-40D5-8F7A-2E1CE6549F7E}.Release|Any CPU.Build.0 = Release|Any CPU
	EndGlobalSection
	GlobalSection(SolutionProperties) = preSolution
		HideSolutionNode = FALSE
	EndGlobalSection
	GlobalSection(ExtensibilityGlobals) = postSolution
		SolutionGuid = {F8BB0AB7-9FFA-4E44-BE49-5B95EF9E9547}
	EndGlobalSection
EndGlobal
